// !$*UTF8*$!
{
	archiveVersion = 1;
	classes = {
	};
	objectVersion = 46;
	objects = {

/* Begin PBXBuildFile section */
		2D28A0391C52DC690056B27E /* AppDelegate.swift in Sources */ = {isa = PBXBuildFile; fileRef = 2D28A0381C52DC690056B27E /* AppDelegate.swift */; };
		2D28A03B1C52DC690056B27E /* ViewController.swift in Sources */ = {isa = PBXBuildFile; fileRef = 2D28A03A1C52DC690056B27E /* ViewController.swift */; };
		2D28A03E1C52DC690056B27E /* Main.storyboard in Resources */ = {isa = PBXBuildFile; fileRef = 2D28A03C1C52DC690056B27E /* Main.storyboard */; };
		2D28A0401C52DC690056B27E /* Assets.xcassets in Resources */ = {isa = PBXBuildFile; fileRef = 2D28A03F1C52DC690056B27E /* Assets.xcassets */; };
		2D28A0431C52DC690056B27E /* LaunchScreen.storyboard in Resources */ = {isa = PBXBuildFile; fileRef = 2D28A0411C52DC690056B27E /* LaunchScreen.storyboard */; };
/* End PBXBuildFile section */

/* Begin PBXFileReference section */
		2D28A0351C52DC690056B27E /* Sort Controllers.app */ = {isa = PBXFileReference; explicitFileType = wrapper.application; includeInIndex = 0; path = "Sort Controllers.app"; sourceTree = BUILT_PRODUCTS_DIR; };
		2D28A0381C52DC690056B27E /* AppDelegate.swift */ = {isa = PBXFileReference; lastKnownFileType = sourcecode.swift; path = AppDelegate.swift; sourceTree = "<group>"; };
		2D28A03A1C52DC690056B27E /* ViewController.swift */ = {isa = PBXFileReference; lastKnownFileType = sourcecode.swift; path = ViewController.swift; sourceTree = "<group>"; };
		2D28A03D1C52DC690056B27E /* Base */ = {isa = PBXFileReference; lastKnownFileType = file.storyboard; name = Base; path = Base.lproj/Main.storyboard; sourceTree = "<group>"; };
		2D28A03F1C52DC690056B27E /* Assets.xcassets */ = {isa = PBXFileReference; lastKnownFileType = folder.assetcatalog; path = Assets.xcassets; sourceTree = "<group>"; };
		2D28A0421C52DC690056B27E /* Base */ = {isa = PBXFileReference; lastKnownFileType = file.storyboard; name = Base; path = Base.lproj/LaunchScreen.storyboard; sourceTree = "<group>"; };
		2D28A0441C52DC690056B27E /* Info.plist */ = {isa = PBXFileReference; lastKnownFileType = text.plist.xml; path = Info.plist; sourceTree = "<group>"; };
/* End PBXFileReference section */

/* Begin PBXFrameworksBuildPhase section */
		2D28A0321C52DC690056B27E /* Frameworks */ = {
			isa = PBXFrameworksBuildPhase;
			buildActionMask = 2147483647;
			files = (
			);
			runOnlyForDeploymentPostprocessing = 0;
		};
/* End PBXFrameworksBuildPhase section */

/* Begin PBXGroup section */
		2D28A02C1C52DC680056B27E = {
			isa = PBXGroup;
			children = (
				2D28A0371C52DC690056B27E /* Sort Controllers */,
				2D28A0361C52DC690056B27E /* Products */,
			);
			sourceTree = "<group>";
		};
		2D28A0361C52DC690056B27E /* Products */ = {
			isa = PBXGroup;
			children = (
				2D28A0351C52DC690056B27E /* Sort Controllers.app */,
			);
			name = Products;
			sourceTree = "<group>";
		};
		2D28A0371C52DC690056B27E /* Sort Controllers */ = {
			isa = PBXGroup;
			children = (
				2D28A0381C52DC690056B27E /* AppDelegate.swift */,
				2D28A03A1C52DC690056B27E /* ViewController.swift */,
				2D28A03C1C52DC690056B27E /* Main.storyboard */,
				2D28A03F1C52DC690056B27E /* Assets.xcassets */,
				2D28A0411C52DC690056B27E /* LaunchScreen.storyboard */,
				2D28A0441C52DC690056B27E /* Info.plist */,
			);
			path = "Sort Controllers";
			sourceTree = "<group>";
		};
/* End PBXGroup section */

/* Begin PBXNativeTarget section */
		2D28A0341C52DC690056B27E /* Sort Controllers */ = {
			isa = PBXNativeTarget;
			buildConfigurationList = 2D28A0471C52DC690056B27E /* Build configuration list for PBXNativeTarget "Sort Controllers" */;
			buildPhases = (
				2D28A0311C52DC690056B27E /* Sources */,
				2D28A0321C52DC690056B27E /* Frameworks */,
				2D28A0331C52DC690056B27E /* Resources */,
			);
			buildRules = (
			);
			dependencies = (
			);
			name = "Sort Controllers";
			productName = "Sort Controllers";
			productReference = 2D28A0351C52DC690056B27E /* Sort Controllers.app */;
			productType = "com.apple.product-type.application";
		};
/* End PBXNativeTarget section */

/* Begin PBXProject section */
		2D28A02D1C52DC680056B27E /* Project object */ = {
			isa = PBXProject;
			attributes = {
				LastSwiftUpdateCheck = 0720;
				LastUpgradeCheck = 0720;
				ORGANIZATIONNAME = "Sketch Studio";
				TargetAttributes = {
					2D28A0341C52DC690056B27E = {
						CreatedOnToolsVersion = 7.2;
						DevelopmentTeam = E6L9B67NTD;
					};
				};
			};
			buildConfigurationList = 2D28A0301C52DC680056B27E /* Build configuration list for PBXProject "Sort Controllers" */;
			compatibilityVersion = "Xcode 3.2";
			developmentRegion = English;
			hasScannedForEncodings = 0;
			knownRegions = (
				en,
				Base,
			);
			mainGroup = 2D28A02C1C52DC680056B27E;
			productRefGroup = 2D28A0361C52DC690056B27E /* Products */;
			projectDirPath = "";
			projectRoot = "";
			targets = (
				2D28A0341C52DC690056B27E /* Sort Controllers */,
			);
		};
/* End PBXProject section */

/* Begin PBXResourcesBuildPhase section */
		2D28A0331C52DC690056B27E /* Resources */ = {
			isa = PBXResourcesBuildPhase;
			buildActionMask = 2147483647;
			files = (
				2D28A0431C52DC690056B27E /* LaunchScreen.storyboard in Resources */,
				2D28A0401C52DC690056B27E /* Assets.xcassets in Resources */,
				2D28A03E1C52DC690056B27E /* Main.storyboard in Resources */,
			);
			runOnlyForDeploymentPostprocessing = 0;
		};
/* End PBXResourcesBuildPhase section */

/* Begin PBXSourcesBuildPhase section */
		2D28A0311C52DC690056B27E /* Sources */ = {
			isa = PBXSourcesBuildPhase;
			buildActionMask = 2147483647;
			files = (
				2D28A03B1C52DC690056B27E /* ViewController.swift in Sources */,
				2D28A0391C52DC690056B27E /* AppDelegate.swift in Sources */,
			);
			runOnlyForDeploymentPostprocessing = 0;
		};
/* End PBXSourcesBuildPhase section */

/* Begin PBXVariantGroup section */
		2D28A03C1C52DC690056B27E /* Main.storyboard */ = {
			isa = PBXVariantGroup;
			children = (
				2D28A03D1C52DC690056B27E /* Base */,
			);
			name = Main.storyboard;
			sourceTree = "<group>";
		};
		2D28A0411C52DC690056B27E /* LaunchScreen.storyboard */ = {
			isa = PBXVariantGroup;
			children = (
				2D28A0421C52DC690056B27E /* Base */,
			);
			name = LaunchScreen.storyboard;
			sourceTree = "<group>";
		};
/* End PBXVariantGroup section */

/* Begin XCBuildConfiguration section */
		2D28A0451C52DC690056B27E /* Debug */ = {
			isa = XCBuildConfiguration;
			buildSettings = {
				ALWAYS_SEARCH_USER_PATHS = NO;
				CLANG_CXX_LANGUAGE_STANDARD = "gnu++0x";
				CLANG_CXX_LIBRARY = "libc++";
				CLANG_ENABLE_MODULES = YES;
				CLANG_ENABLE_OBJC_ARC = YES;
				CLANG_WARN_BOOL_CONVERSION = YES;
				CLANG_WARN_CONSTANT_CONVERSION = YES;
				CLANG_WARN_DIRECT_OBJC_ISA_USAGE = YES_ERROR;
				CLANG_WARN_EMPTY_BODY = YES;
				CLANG_WARN_ENUM_CONVERSION = YES;
				CLANG_WARN_INT_CONVERSION = YES;
				CLANG_WARN_OBJC_ROOT_CLASS = YES_ERROR;
				CLANG_WARN_UNREACHABLE_CODE = YES;
				CLANG_WARN__DUPLICATE_METHOD_MATCH = YES;
				"CODE_SIGN_IDENTITY[sdk=iphoneos*]" = "iPhone Developer";
				COPY_PHASE_STRIP = NO;
				DEBUG_INFORMATION_FORMAT = dwarf;
				ENABLE_STRICT_OBJC_MSGSEND = YES;
				ENABLE_TESTABILITY = YES;
				GCC_C_LANGUAGE_STANDARD = gnu99;
				GCC_DYNAMIC_NO_PIC = NO;
				GCC_NO_COMMON_BLOCKS = YES;
				GCC_OPTIMIZATION_LEVEL = 0;
				GCC_PREPROCESSOR_DEFINITIONS = (
					"DEBUG=1",
					"$(inherited)",
				);
				GCC_WARN_64_TO_32_BIT_CONVERSION = YES;
				GCC_WARN_ABOUT_RETURN_TYPE = YES_ERROR;
				GCC_WARN_UNDECLARED_SELECTOR = YES;
				GCC_WARN_UNINITIALIZED_AUTOS = YES_AGGRESSIVE;
				GCC_WARN_UNUSED_FUNCTION = YES;
				GCC_WARN_UNUSED_VARIABLE = YES;
				IPHONEOS_DEPLOYMENT_TARGET = 9.2;
				MTL_ENABLE_DEBUG_INFO = YES;
				ONLY_ACTIVE_ARCH = YES;
				SDKROOT = iphoneos;
				SWIFT_OPTIMIZATION_LEVEL = "-Onone";
			};
			name = Debug;
		};
		2D28A0461C52DC690056B27E /* Release */ = {
			isa = XCBuildConfiguration;
			buildSettings = {
				ALWAYS_SEARCH_USER_PATHS = NO;
				CLANG_CXX_LANGUAGE_STANDARD = "gnu++0x";
				CLANG_CXX_LIBRARY = "libc++";
				CLANG_ENABLE_MODULES = YES;
				CLANG_ENABLE_OBJC_ARC = YES;
				CLANG_WARN_BOOL_CONVERSION = YES;
				CLANG_WARN_CONSTANT_CONVERSION = YES;
				CLANG_WARN_DIRECT_OBJC_ISA_USAGE = YES_ERROR;
				CLANG_WARN_EMPTY_BODY = YES;
				CLANG_WARN_ENUM_CONVERSION = YES;
				CLANG_WARN_INT_CONVERSION = YES;
				CLANG_WARN_OBJC_ROOT_CLASS = YES_ERROR;
				CLANG_WARN_UNREACHABLE_CODE = YES;
				CLANG_WARN__DUPLICATE_METHOD_MATCH = YES;
				"CODE_SIGN_IDENTITY[sdk=iphoneos*]" = "iPhone Developer";
				COPY_PHASE_STRIP = NO;
				DEBUG_INFORMATION_FORMAT = "dwarf-with-dsym";
				ENABLE_NS_ASSERTIONS = NO;
				ENABLE_STRICT_OBJC_MSGSEND = YES;
				GCC_C_LANGUAGE_STANDARD = gnu99;
				GCC_NO_COMMON_BLOCKS = YES;
				GCC_WARN_64_TO_32_BIT_CONVERSION = YES;
				GCC_WARN_ABOUT_RETURN_TYPE = YES_ERROR;
				GCC_WARN_UNDECLARED_SELECTOR = YES;
				GCC_WARN_UNINITIALIZED_AUTOS = YES_AGGRESSIVE;
				GCC_WARN_UNUSED_FUNCTION = YES;
				GCC_WARN_UNUSED_VARIABLE = YES;
				IPHONEOS_DEPLOYMENT_TARGET = 9.2;
				MTL_ENABLE_DEBUG_INFO = NO;
				SDKROOT = iphoneos;
				VALIDATE_PRODUCT = YES;
			};
			name = Release;
		};
		2D28A0481C52DC690056B27E /* Debug */ = {
			isa = XCBuildConfiguration;
			buildSettings = {
				ASSETCATALOG_COMPILER_APPICON_NAME = AppIcon;
				INFOPLIST_FILE = "Sort Controllers/Info.plist";
				LD_RUNPATH_SEARCH_PATHS = "$(inherited) @executable_path/Frameworks";
				PRODUCT_BUNDLE_IDENTIFIER = "me.sketch.Sort-Controllers";
				PRODUCT_NAME = "$(TARGET_NAME)";
			};
			name = Debug;
		};
		2D28A0491C52DC690056B27E /* Release */ = {
			isa = XCBuildConfiguration;
			buildSettings = {
				ASSETCATALOG_COMPILER_APPICON_NAME = AppIcon;
				INFOPLIST_FILE = "Sort Controllers/Info.plist";
				LD_RUNPATH_SEARCH_PATHS = "$(inherited) @executable_path/Frameworks";
				PRODUCT_BUNDLE_IDENTIFIER = "me.sketch.Sort-Controllers";
				PRODUCT_NAME = "$(TARGET_NAME)";
			};
			name = Release;
		};
/* End XCBuildConfiguration section */

/* Begin XCConfigurationList section */
		2D28A0301C52DC680056B27E /* Build configuration list for PBXProject "Sort Controllers" */ = {
			isa = XCConfigurationList;
			buildConfigurations = (
				2D28A0451C52DC690056B27E /* Debug */,
				2D28A0461C52DC690056B27E /* Release */,
			);
			defaultConfigurationIsVisible = 0;
			defaultConfigurationName = Release;
		};
		2D28A0471C52DC690056B27E /* Build configuration list for PBXNativeTarget "Sort Controllers" */ = {
			isa = XCConfigurationList;
			buildConfigurations = (
				2D28A0481C52DC690056B27E /* Debug */,
				2D28A0491C52DC690056B27E /* Release */,
			);
			defaultConfigurationIsVisible = 0;
		};
/* End XCConfigurationList section */
	};
	rootObject = 2D28A02D1C52DC680056B27E /* Project object */;
}
